
Microsoft Visual Studio Solution File, Format Version 12.00
# Visual Studio Version 17
VisualStudioVersion = 17.8.34322.80
MinimumVisualStudioVersion = 10.0.40219.1
Project("{FAE04EC0-301F-11D3-BF4B-00C04F79EFBC}") = "Film_uyg", "Film_uyg\Film_uyg.csproj", "{0154DC92-84C1-4794-A8A4-44E32BC27936}"
EndProject
Global
	GlobalSection(SolutionConfigurationPlatforms) = preSolution
		Debug|Any CPU = Debug|Any CPU
		Release|Any CPU = Release|Any CPU
	EndGlobalSection
	GlobalSection(ProjectConfigurationPlatforms) = postSolution
		{0154DC92-84C1-4794-A8A4-44E32BC27936}.Debug|Any CPU.ActiveCfg = Debug|Any CPU
		{0154DC92-84C1-4794-A8A4-44E32BC27936}.Debug|Any CPU.Build.0 = Debug|Any CPU
		{0154DC92-84C1-4794-A8A4-44E32BC27936}.Release|Any CPU.ActiveCfg = Release|Any CPU
		{0154DC92-84C1-4794-A8A4-44E32BC27936}.Release|Any CPU.Build.0 = Release|Any CPU
	EndGlobalSection
	GlobalSection(SolutionProperties) = preSolution
		HideSolutionNode = FALSE
	EndGlobalSection
	GlobalSection(ExtensibilityGlobals) = postSolution
		SolutionGuid = {977E50C2-765D-40D6-A52C-6CDF4F35E005}
	EndGlobalSection
EndGlobal
